
Microsoft Visual Studio Solution File, Format Version 12.00
# Visual Studio Version 16
VisualStudioVersion = 16.0.31729.503
MinimumVisualStudioVersion = 10.0.40219.1
Project("{9A19103F-16F7-4668-BE54-9A1E7A4F7556}") = "AdventOfCodeApplication", "AdventOfCodeApplication\AdventOfCodeApplication.csproj", "{DF8569F0-E5D5-4883-91B3-4B2861D15F13}"
EndProject
Project("{9A19103F-16F7-4668-BE54-9A1E7A4F7556}") = "AdventOfCodeBase", "AdventOfCodeBase\AdventOfCodeBase.csproj", "{BF60AC95-0C8E-4C32-9A69-8834A114F5E8}"
EndProject
Project("{9A19103F-16F7-4668-BE54-9A1E7A4F7556}") = "AdventOfCode2020", "AdventOfCode2020\AdventOfCode2020.csproj", "{061ECE9B-8220-44CB-9918-6491694DC8BE}"
EndProject
Project("{FAE04EC0-301F-11D3-BF4B-00C04F79EFBC}") = "AdventOfCode2020.Tests", "AdventOfCode2020.Tests\AdventOfCode2020.Tests.csproj", "{ECD4511B-B0ED-405F-A07F-82936DEF23E7}"
EndProject
Global
	GlobalSection(SolutionConfigurationPlatforms) = preSolution
		Debug|Any CPU = Debug|Any CPU
		Release|Any CPU = Release|Any CPU
	EndGlobalSection
	GlobalSection(ProjectConfigurationPlatforms) = postSolution
		{DF8569F0-E5D5-4883-91B3-4B2861D15F13}.Debug|Any CPU.ActiveCfg = Debug|Any CPU
		{DF8569F0-E5D5-4883-91B3-4B2861D15F13}.Debug|Any CPU.Build.0 = Debug|Any CPU
		{DF8569F0-E5D5-4883-91B3-4B2861D15F13}.Release|Any CPU.ActiveCfg = Release|Any CPU
		{DF8569F0-E5D5-4883-91B3-4B2861D15F13}.Release|Any CPU.Build.0 = Release|Any CPU
		{BF60AC95-0C8E-4C32-9A69-8834A114F5E8}.Debug|Any CPU.ActiveCfg = Debug|Any CPU
		{BF60AC95-0C8E-4C32-9A69-8834A114F5E8}.Debug|Any CPU.Build.0 = Debug|Any CPU
		{BF60AC95-0C8E-4C32-9A69-8834A114F5E8}.Release|Any CPU.ActiveCfg = Release|Any CPU
		{BF60AC95-0C8E-4C32-9A69-8834A114F5E8}.Release|Any CPU.Build.0 = Release|Any CPU
		{061ECE9B-8220-44CB-9918-6491694DC8BE}.Debug|Any CPU.ActiveCfg = Debug|Any CPU
		{061ECE9B-8220-44CB-9918-6491694DC8BE}.Debug|Any CPU.Build.0 = Debug|Any CPU
		{061ECE9B-8220-44CB-9918-6491694DC8BE}.Release|Any CPU.ActiveCfg = Release|Any CPU
		{061ECE9B-8220-44CB-9918-6491694DC8BE}.Release|Any CPU.Build.0 = Release|Any CPU
		{ECD4511B-B0ED-405F-A07F-82936DEF23E7}.Debug|Any CPU.ActiveCfg = Debug|Any CPU
		{ECD4511B-B0ED-405F-A07F-82936DEF23E7}.Debug|Any CPU.Build.0 = Debug|Any CPU
		{ECD4511B-B0ED-405F-A07F-82936DEF23E7}.Release|Any CPU.ActiveCfg = Release|Any CPU
		{ECD4511B-B0ED-405F-A07F-82936DEF23E7}.Release|Any CPU.Build.0 = Release|Any CPU
	EndGlobalSection
	GlobalSection(SolutionProperties) = preSolution
		HideSolutionNode = FALSE
	EndGlobalSection
	GlobalSection(ExtensibilityGlobals) = postSolution
		SolutionGuid = {9DE8148A-DC1B-4DC4-948B-61A2EDCAEA29}
	EndGlobalSection
EndGlobal
