
Microsoft Visual Studio Solution File, Format Version 12.00
# Visual Studio Version 16
VisualStudioVersion = 16.0.30804.86
MinimumVisualStudioVersion = 10.0.40219.1
Project("{FAE04EC0-301F-11D3-BF4B-00C04F79EFBC}") = "AdventOfCode2020", "AdventOfCode2020\AdventOfCode2020.csproj", "{A858EBC8-DC21-4F22-8E15-E839E4C20437}"
EndProject
Global
	GlobalSection(SolutionConfigurationPlatforms) = preSolution
		Debug|Any CPU = Debug|Any CPU
		Release|Any CPU = Release|Any CPU
	EndGlobalSection
	GlobalSection(ProjectConfigurationPlatforms) = postSolution
		{A858EBC8-DC21-4F22-8E15-E839E4C20437}.Debug|Any CPU.ActiveCfg = Debug|Any CPU
		{A858EBC8-DC21-4F22-8E15-E839E4C20437}.Debug|Any CPU.Build.0 = Debug|Any CPU
		{A858EBC8-DC21-4F22-8E15-E839E4C20437}.Release|Any CPU.ActiveCfg = Release|Any CPU
		{A858EBC8-DC21-4F22-8E15-E839E4C20437}.Release|Any CPU.Build.0 = Release|Any CPU
	EndGlobalSection
	GlobalSection(SolutionProperties) = preSolution
		HideSolutionNode = FALSE
	EndGlobalSection
	GlobalSection(ExtensibilityGlobals) = postSolution
		SolutionGuid = {6261B441-1B6B-4DCA-AB5F-931159F4F05F}
	EndGlobalSection
EndGlobal
